
Microsoft Visual Studio Solution File, Format Version 12.00
# Visual Studio Version 17
VisualStudioVersion = 17.0.31903.59
MinimumVisualStudioVersion = 10.0.40219.1
Project("{9A19103F-16F7-4668-BE54-9A1E7A4F7556}") = "TextPostLive", "src\TextPostLive\TextPostLive.csproj", "{1CD5B53F-5467-4116-914C-7C6E46E88A5E}"
EndProject
Global
	GlobalSection(SolutionConfigurationPlatforms) = preSolution
		Debug|Any CPU = Debug|Any CPU
		Release|Any CPU = Release|Any CPU
	EndGlobalSection
	GlobalSection(ProjectConfigurationPlatforms) = postSolution
		{1CD5B53F-5467-4116-914C-7C6E46E88A5E}.Debug|Any CPU.ActiveCfg = Debug|Any CPU
		{1CD5B53F-5467-4116-914C-7C6E46E88A5E}.Debug|Any CPU.Build.0 = Debug|Any CPU
		{1CD5B53F-5467-4116-914C-7C6E46E88A5E}.Release|Any CPU.ActiveCfg = Release|Any CPU
		{1CD5B53F-5467-4116-914C-7C6E46E88A5E}.Release|Any CPU.Build.0 = Release|Any CPU
	EndGlobalSection
	GlobalSection(SolutionProperties) = preSolution
		HideSolutionNode = FALSE
	EndGlobalSection
	GlobalSection(ExtensibilityGlobals) = postSolution
		SolutionGuid = {EF41FA92-9E57-4DCE-BFDA-A2673B2B58B9}
	EndGlobalSection
EndGlobal
